<?xml version="1.0" encoding="utf-8"?>
<Project ToolsVersion="4.0" xmlns="http://schemas.microsoft.com/developer/msbuild/2003">
  <ItemGroup>
    <Filter Include="Source Files">
      <UniqueIdentifier>{4FC737F1-C7A5-4376-A066-2A32D752A2FF}</UniqueIdentifier>
      <Extensions>cpp;c;cxx;cc;s;asm</Extensions>
    </Filter>
    <Filter Include="Header Files">
      <UniqueIdentifier>{93995380-89BD-4b04-88EB-625FBE52EBFB}</UniqueIdentifier>
      <Extensions>h;hpp</Extensions>
    </Filter>
    <Filter Include="Header Files\shader">
      <UniqueIdentifier>{b69f1bd2-d403-4888-9f20-65b3f8bc118e}</UniqueIdentifier>
    </Filter>
  </ItemGroup>
  <ItemGroup>
    <ClCompile Include="source\vita2d.cpp">
      <Filter>Source Files</Filter>
    </ClCompile>
    <ClCompile Include="source\vita2d_draw.cpp">
      <Filter>Source Files</Filter>
    </ClCompile>
    <ClCompile Include="source\vita2d_pvf.cpp">
      <Filter>Source Files</Filter>
    </ClCompile>
  </ItemGroup>
  <ItemGroup>
    <ClInclude Include="include\vita2d_sys.h">
      <Filter>Header Files</Filter>
    </ClInclude>
    <ClInclude Include="include\shader\compiled\clear_f_gxp.h">
      <Filter>Header Files\shader</Filter>
    </ClInclude>
    <ClInclude Include="include\shader\compiled\clear_v_gxp.h">
      <Filter>Header Files\shader</Filter>
    </ClInclude>
    <ClInclude Include="include\shader\compiled\color_f_gxp.h">
      <Filter>Header Files\shader</Filter>
    </ClInclude>
    <ClInclude Include="include\shader\compiled\color_v_gxp.h">
      <Filter>Header Files\shader</Filter>
    </ClInclude>
    <ClInclude Include="include\shader\compiled\texture_f_gxp.h">
      <Filter>Header Files\shader</Filter>
    </ClInclude>
    <ClInclude Include="include\shader\compiled\texture_tint_f_gxp.h">
      <Filter>Header Files\shader</Filter>
    </ClInclude>
    <ClInclude Include="include\shader\compiled\texture_v_gxp.h">
      <Filter>Header Files\shader</Filter>
    </ClInclude>
  </ItemGroup>
  <ItemGroup>
    <None Include="source\utils.cpp">
      <Filter>Source Files</Filter>
    </None>
    <None Include="include\utils.h">
      <Filter>Header Files</Filter>
    </None>
  </ItemGroup>
</Project>